
Microsoft Visual Studio Solution File, Format Version 12.00
# Visual Studio Version 17
VisualStudioVersion = 17.3.32922.545
MinimumVisualStudioVersion = 10.0.40219.1
Project("{FAE04EC0-301F-11D3-BF4B-00C04F79EFBC}") = "Main_Matrizes", "Main_Matrizes.csproj", "{8C50EBCE-D7BF-4F44-87F5-2D714C800A75}"
EndProject
Global
	GlobalSection(SolutionConfigurationPlatforms) = preSolution
		Debug|Any CPU = Debug|Any CPU
		Release|Any CPU = Release|Any CPU
	EndGlobalSection
	GlobalSection(ProjectConfigurationPlatforms) = postSolution
		{8C50EBCE-D7BF-4F44-87F5-2D714C800A75}.Debug|Any CPU.ActiveCfg = Debug|Any CPU
		{8C50EBCE-D7BF-4F44-87F5-2D714C800A75}.Debug|Any CPU.Build.0 = Debug|Any CPU
		{8C50EBCE-D7BF-4F44-87F5-2D714C800A75}.Release|Any CPU.ActiveCfg = Release|Any CPU
		{8C50EBCE-D7BF-4F44-87F5-2D714C800A75}.Release|Any CPU.Build.0 = Release|Any CPU
	EndGlobalSection
	GlobalSection(SolutionProperties) = preSolution
		HideSolutionNode = FALSE
	EndGlobalSection
	GlobalSection(ExtensibilityGlobals) = postSolution
		SolutionGuid = {4341F41A-5DBB-451D-A2C5-A7F11BB81283}
	EndGlobalSection
EndGlobal
